
Microsoft Visual Studio Solution File, Format Version 12.00
# Visual Studio Version 16
VisualStudioVersion = 16.0.30011.22
MinimumVisualStudioVersion = 10.0.40219.1
Project("{FAE04EC0-301F-11D3-BF4B-00C04F79EFBC}") = "RabbitWebProducer", "src\Services\RabbitWebProducer\RabbitWebProducer.csproj", "{15C00E5E-D3FB-4C49-8A29-76980D06D73B}"
EndProject
Project("{FAE04EC0-301F-11D3-BF4B-00C04F79EFBC}") = "RabbitWebConsumer", "src\Services\RabbitWebConsumer\RabbitWebConsumer.csproj", "{ABF306DB-3B36-4A27-8C2B-5D1C03EAEA03}"
EndProject
Global
	GlobalSection(SolutionConfigurationPlatforms) = preSolution
		Debug|Any CPU = Debug|Any CPU
		Release|Any CPU = Release|Any CPU
	EndGlobalSection
	GlobalSection(ProjectConfigurationPlatforms) = postSolution
		{15C00E5E-D3FB-4C49-8A29-76980D06D73B}.Debug|Any CPU.ActiveCfg = Debug|Any CPU
		{15C00E5E-D3FB-4C49-8A29-76980D06D73B}.Debug|Any CPU.Build.0 = Debug|Any CPU
		{15C00E5E-D3FB-4C49-8A29-76980D06D73B}.Release|Any CPU.ActiveCfg = Release|Any CPU
		{15C00E5E-D3FB-4C49-8A29-76980D06D73B}.Release|Any CPU.Build.0 = Release|Any CPU
		{ABF306DB-3B36-4A27-8C2B-5D1C03EAEA03}.Debug|Any CPU.ActiveCfg = Debug|Any CPU
		{ABF306DB-3B36-4A27-8C2B-5D1C03EAEA03}.Debug|Any CPU.Build.0 = Debug|Any CPU
		{ABF306DB-3B36-4A27-8C2B-5D1C03EAEA03}.Release|Any CPU.ActiveCfg = Release|Any CPU
		{ABF306DB-3B36-4A27-8C2B-5D1C03EAEA03}.Release|Any CPU.Build.0 = Release|Any CPU
	EndGlobalSection
	GlobalSection(SolutionProperties) = preSolution
		HideSolutionNode = FALSE
	EndGlobalSection
	GlobalSection(ExtensibilityGlobals) = postSolution
		SolutionGuid = {DCC72671-5D55-4A2F-AC67-D79B2C3370CF}
	EndGlobalSection
EndGlobal
